
Microsoft Visual Studio Solution File, Format Version 12.00
# Visual Studio Version 17
VisualStudioVersion = 17.10.35004.147
MinimumVisualStudioVersion = 10.0.40219.1
Project("{9A19103F-16F7-4668-BE54-9A1E7A4F7556}") = "homework", "homework\homework.csproj", "{B1ED9652-1161-4699-B23B-BCA75394E819}"
EndProject
Project("{FAE04EC0-301F-11D3-BF4B-00C04F79EFBC}") = "tumak", "tumak\tumak.csproj", "{99B3D6B8-EE20-491B-80C6-CB6C4A1C1AAE}"
EndProject
Global
	GlobalSection(SolutionConfigurationPlatforms) = preSolution
		Debug|Any CPU = Debug|Any CPU
		Release|Any CPU = Release|Any CPU
	EndGlobalSection
	GlobalSection(ProjectConfigurationPlatforms) = postSolution
		{B1ED9652-1161-4699-B23B-BCA75394E819}.Debug|Any CPU.ActiveCfg = Debug|Any CPU
		{B1ED9652-1161-4699-B23B-BCA75394E819}.Debug|Any CPU.Build.0 = Debug|Any CPU
		{B1ED9652-1161-4699-B23B-BCA75394E819}.Release|Any CPU.ActiveCfg = Release|Any CPU
		{B1ED9652-1161-4699-B23B-BCA75394E819}.Release|Any CPU.Build.0 = Release|Any CPU
		{99B3D6B8-EE20-491B-80C6-CB6C4A1C1AAE}.Debug|Any CPU.ActiveCfg = Debug|Any CPU
		{99B3D6B8-EE20-491B-80C6-CB6C4A1C1AAE}.Debug|Any CPU.Build.0 = Debug|Any CPU
		{99B3D6B8-EE20-491B-80C6-CB6C4A1C1AAE}.Release|Any CPU.ActiveCfg = Release|Any CPU
		{99B3D6B8-EE20-491B-80C6-CB6C4A1C1AAE}.Release|Any CPU.Build.0 = Release|Any CPU
	EndGlobalSection
	GlobalSection(SolutionProperties) = preSolution
		HideSolutionNode = FALSE
	EndGlobalSection
	GlobalSection(ExtensibilityGlobals) = postSolution
		SolutionGuid = {442BD276-E9E0-46A6-BB5F-6695E1D5FA66}
	EndGlobalSection
EndGlobal
